{
  "version": 4,
  "terraform_version": "1.6.2",
  "serial": 487,
  "lineage": "360b1211-cb92-3f03-2987-16073f19bd63",
  "outputs": {},
  "resources": [
    {
      "module": "module.aws_dynamodb",
      "mode": "managed",
      "type": "aws_dynamodb_table",
      "name": "sms_messages",
      "provider": "provider[\"registry.terraform.io/hashicorp/aws\"]",
      "instances": [
        {
          "schema_version": 1,
          "attributes": {
            "arn": "arn:aws:dynamodb:us-east-1:201138032438:table/messages",
            "attribute": [
              {
                "name": "messageId",
                "type": "S"
              }
            ],
            "billing_mode": "PROVISIONED",
            "deletion_protection_enabled": false,
            "global_secondary_index": [],
            "hash_key": "messageId",
            "id": "messages",
            "import_table": [],
            "local_secondary_index": [],
            "name": "messages",
            "point_in_time_recovery": [
              {
                "enabled": false
              }
            ],
            "range_key": null,
            "read_capacity": 4,
            "replica": [],
            "restore_date_time": null,
            "restore_source_name": null,
            "restore_to_latest_time": null,
            "server_side_encryption": [],
            "stream_arn": "",
            "stream_enabled": false,
            "stream_label": "",
            "stream_view_type": "",
            "table_class": "STANDARD",
            "tags": {
              "Environment": "production",
              "Name": "dynamodb-sms-table"
            },
            "tags_all": {
              "Environment": "production",
              "Name": "dynamodb-sms-table"
            },
            "timeouts": null,
            "ttl": [
              {
                "attribute_name": "",
                "enabled": false
              }
            ],
            "write_capacity": 4
          },
          "sensitive_attributes": [],
          "private": "eyJlMmJmYjczMC1lY2FhLTExZTYtOGY4OC0zNDM2M2JjN2M0YzAiOnsiY3JlYXRlIjoxODAwMDAwMDAwMDAwLCJkZWxldGUiOjYwMDAwMDAwMDAwMCwidXBkYXRlIjozNjAwMDAwMDAwMDAwfSwic2NoZW1hX3ZlcnNpb24iOiIxIn0="
        }
      ]
    },
    {
      "module": "module.lambda_api",
      "mode": "managed",
      "type": "aws_api_gateway_deployment",
      "name": "webhook_deployment",
      "provider": "provider[\"registry.terraform.io/hashicorp/aws\"]",
      "instances": [
        {
          "schema_version": 0,
          "attributes": {
            "created_date": "2023-11-03T04:53:26Z",
            "description": "",
            "execution_arn": "arn:aws:execute-api:us-east-1:201138032438:14b4puv37k/prod",
            "id": "qj6gm7",
            "invoke_url": "https://14b4puv37k.execute-api.us-east-1.amazonaws.com/prod",
            "rest_api_id": "14b4puv37k",
            "stage_description": null,
            "stage_name": "prod",
            "triggers": null,
            "variables": null
          },
          "sensitive_attributes": [],
          "private": "bnVsbA==",
          "dependencies": [
            "module.lambda_api.aws_api_gateway_integration.lambda_integration_api",
            "module.lambda_api.aws_api_gateway_integration.lambda_integration_webhook",
            "module.lambda_api.aws_api_gateway_method.api_get_method",
            "module.lambda_api.aws_api_gateway_method.sms_post_method",
            "module.lambda_api.aws_api_gateway_resource.api_resource",
            "module.lambda_api.aws_api_gateway_resource.sms_resource",
            "module.lambda_api.aws_api_gateway_rest_api.api",
            "module.lambda_api.aws_iam_role.iam_for_api",
            "module.lambda_api.aws_iam_role.iam_for_webhook",
            "module.lambda_api.aws_lambda_function.lambda_api",
            "module.lambda_api.aws_lambda_function.lambda_webhook"
          ]
        }
      ]
    },
    {
      "module": "module.lambda_api",
      "mode": "managed",
      "type": "aws_api_gateway_integration",
      "name": "lambda_integration_api",
      "provider": "provider[\"registry.terraform.io/hashicorp/aws\"]",
      "instances": [
        {
          "schema_version": 0,
          "attributes": {
            "cache_key_parameters": [],
            "cache_namespace": "m03au4",
            "connection_id": "",
            "connection_type": "INTERNET",
            "content_handling": "",
            "credentials": "",
            "http_method": "GET",
            "id": "agi-14b4puv37k-m03au4-GET",
            "integration_http_method": "POST",
            "passthrough_behavior": "WHEN_NO_MATCH",
            "request_parameters": {},
            "request_templates": {},
            "resource_id": "m03au4",
            "rest_api_id": "14b4puv37k",
            "timeout_milliseconds": 29000,
            "tls_config": [],
            "type": "AWS_PROXY",
            "uri": "arn:aws:apigateway:us-east-1:lambda:path/2015-03-31/functions/arn:aws:lambda:us-east-1:201138032438:function:api/invocations"
          },
          "sensitive_attributes": [],
          "private": "bnVsbA==",
          "dependencies": [
            "module.lambda_api.aws_api_gateway_method.api_get_method",
            "module.lambda_api.aws_api_gateway_resource.api_resource",
            "module.lambda_api.aws_api_gateway_rest_api.api",
            "module.lambda_api.aws_iam_role.iam_for_api",
            "module.lambda_api.aws_lambda_function.lambda_api"
          ]
        }
      ]
    },
    {
      "module": "module.lambda_api",
      "mode": "managed",
      "type": "aws_api_gateway_integration",
      "name": "lambda_integration_webhook",
      "provider": "provider[\"registry.terraform.io/hashicorp/aws\"]",
      "instances": [
        {
          "schema_version": 0,
          "attributes": {
            "cache_key_parameters": [],
            "cache_namespace": "y47slf",
            "connection_id": "",
            "connection_type": "INTERNET",
            "content_handling": "",
            "credentials": "",
            "http_method": "POST",
            "id": "agi-14b4puv37k-y47slf-POST",
            "integration_http_method": "POST",
            "passthrough_behavior": "WHEN_NO_MATCH",
            "request_parameters": {},
            "request_templates": {},
            "resource_id": "y47slf",
            "rest_api_id": "14b4puv37k",
            "timeout_milliseconds": 29000,
            "tls_config": [],
            "type": "AWS_PROXY",
            "uri": "arn:aws:apigateway:us-east-1:lambda:path/2015-03-31/functions/arn:aws:lambda:us-east-1:201138032438:function:webhook/invocations"
          },
          "sensitive_attributes": [],
          "private": "bnVsbA==",
          "dependencies": [
            "module.lambda_api.aws_api_gateway_method.sms_post_method",
            "module.lambda_api.aws_api_gateway_resource.sms_resource",
            "module.lambda_api.aws_api_gateway_rest_api.api",
            "module.lambda_api.aws_iam_role.iam_for_webhook",
            "module.lambda_api.aws_lambda_function.lambda_webhook"
          ]
        }
      ]
    },
    {
      "module": "module.lambda_api",
      "mode": "managed",
      "type": "aws_api_gateway_method",
      "name": "api_get_method",
      "provider": "provider[\"registry.terraform.io/hashicorp/aws\"]",
      "instances": [
        {
          "schema_version": 0,
          "attributes": {
            "api_key_required": false,
            "authorization": "NONE",
            "authorization_scopes": [],
            "authorizer_id": "",
            "http_method": "GET",
            "id": "agm-14b4puv37k-m03au4-GET",
            "operation_name": "",
            "request_models": {},
            "request_parameters": {},
            "request_validator_id": "",
            "resource_id": "m03au4",
            "rest_api_id": "14b4puv37k"
          },
          "sensitive_attributes": [],
          "private": "bnVsbA==",
          "dependencies": [
            "module.lambda_api.aws_api_gateway_resource.api_resource",
            "module.lambda_api.aws_api_gateway_rest_api.api"
          ]
        }
      ]
    },
    {
      "module": "module.lambda_api",
      "mode": "managed",
      "type": "aws_api_gateway_method",
      "name": "sms_post_method",
      "provider": "provider[\"registry.terraform.io/hashicorp/aws\"]",
      "instances": [
        {
          "schema_version": 0,
          "attributes": {
            "api_key_required": false,
            "authorization": "NONE",
            "authorization_scopes": [],
            "authorizer_id": "",
            "http_method": "POST",
            "id": "agm-14b4puv37k-y47slf-POST",
            "operation_name": "",
            "request_models": {},
            "request_parameters": {},
            "request_validator_id": "",
            "resource_id": "y47slf",
            "rest_api_id": "14b4puv37k"
          },
          "sensitive_attributes": [],
          "private": "bnVsbA==",
          "dependencies": [
            "module.lambda_api.aws_api_gateway_resource.sms_resource",
            "module.lambda_api.aws_api_gateway_rest_api.api"
          ]
        }
      ]
    },
    {
      "module": "module.lambda_api",
      "mode": "managed",
      "type": "aws_api_gateway_resource",
      "name": "api_resource",
      "provider": "provider[\"registry.terraform.io/hashicorp/aws\"]",
      "instances": [
        {
          "schema_version": 0,
          "attributes": {
            "id": "m03au4",
            "parent_id": "n5arn3efpf",
            "path": "/api-search",
            "path_part": "api-search",
            "rest_api_id": "14b4puv37k"
          },
          "sensitive_attributes": [],
          "private": "bnVsbA==",
          "dependencies": [
            "module.lambda_api.aws_api_gateway_rest_api.api"
          ]
        }
      ]
    },
    {
      "module": "module.lambda_api",
      "mode": "managed",
      "type": "aws_api_gateway_resource",
      "name": "sms_resource",
      "provider": "provider[\"registry.terraform.io/hashicorp/aws\"]",
      "instances": [
        {
          "schema_version": 0,
          "attributes": {
            "id": "y47slf",
            "parent_id": "n5arn3efpf",
            "path": "/sms-webhook",
            "path_part": "sms-webhook",
            "rest_api_id": "14b4puv37k"
          },
          "sensitive_attributes": [],
          "private": "bnVsbA==",
          "dependencies": [
            "module.lambda_api.aws_api_gateway_rest_api.api"
          ]
        }
      ]
    },
    {
      "module": "module.lambda_api",
      "mode": "managed",
      "type": "aws_api_gateway_rest_api",
      "name": "api",
      "provider": "provider[\"registry.terraform.io/hashicorp/aws\"]",
      "instances": [
        {
          "schema_version": 0,
          "attributes": {
            "api_key_source": "HEADER",
            "arn": "arn:aws:apigateway:us-east-1::/restapis/14b4puv37k",
            "binary_media_types": [],
            "body": null,
            "created_date": "2023-11-03T04:46:27Z",
            "description": "API Gateway for SMS Webhook and API",
            "disable_execute_api_endpoint": false,
            "endpoint_configuration": [
              {
                "types": [
                  "EDGE"
                ],
                "vpc_endpoint_ids": []
              }
            ],
            "execution_arn": "arn:aws:execute-api:us-east-1:201138032438:14b4puv37k",
            "fail_on_warnings": null,
            "id": "14b4puv37k",
            "minimum_compression_size": "",
            "name": "SMSWebhook-API",
            "parameters": null,
            "policy": "",
            "put_rest_api_mode": null,
            "root_resource_id": "n5arn3efpf",
            "tags": {},
            "tags_all": {}
          },
          "sensitive_attributes": [],
          "private": "bnVsbA=="
        }
      ]
    },
    {
      "module": "module.lambda_api",
      "mode": "managed",
      "type": "aws_cloudwatch_log_group",
      "name": "lambda_api",
      "provider": "provider[\"registry.terraform.io/hashicorp/aws\"]",
      "instances": [
        {
          "schema_version": 0,
          "attributes": {
            "arn": "arn:aws:logs:us-east-1:201138032438:log-group:/aws/lambda/api",
            "id": "/aws/lambda/api",
            "kms_key_id": "",
            "name": "/aws/lambda/api",
            "name_prefix": "",
            "retention_in_days": 3,
            "skip_destroy": false,
            "tags": {},
            "tags_all": {}
          },
          "sensitive_attributes": [],
          "private": "bnVsbA==",
          "dependencies": [
            "module.lambda_api.aws_iam_role.iam_for_api",
            "module.lambda_api.aws_lambda_function.lambda_api"
          ]
        }
      ]
    },
    {
      "module": "module.lambda_api",
      "mode": "managed",
      "type": "aws_cloudwatch_log_group",
      "name": "lambda_webhook",
      "provider": "provider[\"registry.terraform.io/hashicorp/aws\"]",
      "instances": [
        {
          "schema_version": 0,
          "attributes": {
            "arn": "arn:aws:logs:us-east-1:201138032438:log-group:/aws/lambda/webhook",
            "id": "/aws/lambda/webhook",
            "kms_key_id": "",
            "name": "/aws/lambda/webhook",
            "name_prefix": "",
            "retention_in_days": 3,
            "skip_destroy": false,
            "tags": {},
            "tags_all": {}
          },
          "sensitive_attributes": [],
          "private": "bnVsbA==",
          "dependencies": [
            "module.lambda_api.aws_iam_role.iam_for_webhook",
            "module.lambda_api.aws_lambda_function.lambda_webhook"
          ]
        }
      ]
    },
    {
      "module": "module.lambda_api",
      "mode": "managed",
      "type": "aws_iam_policy",
      "name": "iam_for_api_policy",
      "provider": "provider[\"registry.terraform.io/hashicorp/aws\"]",
      "instances": [
        {
          "schema_version": 0,
          "attributes": {
            "arn": "arn:aws:iam::201138032438:policy/iam_for_api_policy",
            "description": "",
            "id": "arn:aws:iam::201138032438:policy/iam_for_api_policy",
            "name": "iam_for_api_policy",
            "name_prefix": "",
            "path": "/",
            "policy": "{\"Statement\":[{\"Action\":[\"logs:CreateLogGroup\",\"logs:CreateLogStream\",\"logs:PutLogEvents\"],\"Effect\":\"Allow\",\"Resource\":\"arn:aws:logs:us-east-1:201138032438:log-group:/aws/lambda/api:*\"},{\"Action\":[\"dynamodb:GetItem\",\"dynamodb:Scan\"],\"Effect\":\"Allow\",\"Resource\":\"arn:aws:dynamodb:us-east-1:201138032438:table/messages\"}],\"Version\":\"2012-10-17\"}",
            "policy_id": "ANPAS5VGCZ43FU62MQNQX",
            "tags": {},
            "tags_all": {}
          },
          "sensitive_attributes": [],
          "private": "bnVsbA=="
        }
      ]
    },
    {
      "module": "module.lambda_api",
      "mode": "managed",
      "type": "aws_iam_policy",
      "name": "iam_for_webhook_policy",
      "provider": "provider[\"registry.terraform.io/hashicorp/aws\"]",
      "instances": [
        {
          "schema_version": 0,
          "attributes": {
            "arn": "arn:aws:iam::201138032438:policy/iam_for_webhook_policy",
            "description": "",
            "id": "arn:aws:iam::201138032438:policy/iam_for_webhook_policy",
            "name": "iam_for_webhook_policy",
            "name_prefix": "",
            "path": "/",
            "policy": "{\"Statement\":[{\"Action\":[\"logs:CreateLogGroup\",\"logs:CreateLogStream\",\"logs:PutLogEvents\"],\"Effect\":\"Allow\",\"Resource\":\"arn:aws:logs:us-east-1:201138032438:log-group:/aws/lambda/webhook:*\"},{\"Action\":\"dynamodb:PutItem\",\"Effect\":\"Allow\",\"Resource\":\"arn:aws:dynamodb:us-east-1:201138032438:table/messages\"}],\"Version\":\"2012-10-17\"}",
            "policy_id": "ANPAS5VGCZ43A4P5B72CP",
            "tags": {},
            "tags_all": {}
          },
          "sensitive_attributes": [],
          "private": "bnVsbA=="
        }
      ]
    },
    {
      "module": "module.lambda_api",
      "mode": "managed",
      "type": "aws_iam_policy_attachment",
      "name": "policy_attachment_api",
      "provider": "provider[\"registry.terraform.io/hashicorp/aws\"]",
      "instances": [
        {
          "schema_version": 0,
          "attributes": {
            "groups": [],
            "id": "attachmentLambdaAPI",
            "name": "attachmentLambdaAPI",
            "policy_arn": "arn:aws:iam::201138032438:policy/iam_for_api_policy",
            "roles": [
              "LambdaAPIRole"
            ],
            "users": []
          },
          "sensitive_attributes": [],
          "private": "bnVsbA==",
          "dependencies": [
            "module.lambda_api.aws_iam_policy.iam_for_api_policy",
            "module.lambda_api.aws_iam_role.iam_for_api"
          ]
        }
      ]
    },
    {
      "module": "module.lambda_api",
      "mode": "managed",
      "type": "aws_iam_policy_attachment",
      "name": "policy_attachment_webhook",
      "provider": "provider[\"registry.terraform.io/hashicorp/aws\"]",
      "instances": [
        {
          "schema_version": 0,
          "attributes": {
            "groups": [],
            "id": "attachmentLambdaWebhook",
            "name": "attachmentLambdaWebhook",
            "policy_arn": "arn:aws:iam::201138032438:policy/iam_for_webhook_policy",
            "roles": [
              "LambdaWebhookRole"
            ],
            "users": []
          },
          "sensitive_attributes": [],
          "private": "bnVsbA==",
          "dependencies": [
            "module.lambda_api.aws_iam_policy.iam_for_webhook_policy",
            "module.lambda_api.aws_iam_role.iam_for_webhook"
          ]
        }
      ]
    },
    {
      "module": "module.lambda_api",
      "mode": "managed",
      "type": "aws_iam_role",
      "name": "iam_for_api",
      "provider": "provider[\"registry.terraform.io/hashicorp/aws\"]",
      "instances": [
        {
          "schema_version": 0,
          "attributes": {
            "arn": "arn:aws:iam::201138032438:role/LambdaAPIRole",
            "assume_role_policy": "{\"Statement\":[{\"Action\":\"sts:AssumeRole\",\"Effect\":\"Allow\",\"Principal\":{\"Service\":\"lambda.amazonaws.com\"},\"Sid\":\"\"}],\"Version\":\"2012-10-17\"}",
            "create_date": "2023-11-03T04:46:27Z",
            "description": "",
            "force_detach_policies": false,
            "id": "LambdaAPIRole",
            "inline_policy": [],
            "managed_policy_arns": [
              "arn:aws:iam::201138032438:policy/iam_for_api_policy"
            ],
            "max_session_duration": 3600,
            "name": "LambdaAPIRole",
            "name_prefix": "",
            "path": "/",
            "permissions_boundary": "",
            "tags": {},
            "tags_all": {},
            "unique_id": "AROAS5VGCZ43FXA57A5IM"
          },
          "sensitive_attributes": [],
          "private": "bnVsbA=="
        }
      ]
    },
    {
      "module": "module.lambda_api",
      "mode": "managed",
      "type": "aws_iam_role",
      "name": "iam_for_webhook",
      "provider": "provider[\"registry.terraform.io/hashicorp/aws\"]",
      "instances": [
        {
          "schema_version": 0,
          "attributes": {
            "arn": "arn:aws:iam::201138032438:role/LambdaWebhookRole",
            "assume_role_policy": "{\"Statement\":[{\"Action\":\"sts:AssumeRole\",\"Effect\":\"Allow\",\"Principal\":{\"Service\":\"lambda.amazonaws.com\"},\"Sid\":\"\"}],\"Version\":\"2012-10-17\"}",
            "create_date": "2023-11-03T04:46:27Z",
            "description": "",
            "force_detach_policies": false,
            "id": "LambdaWebhookRole",
            "inline_policy": [],
            "managed_policy_arns": [
              "arn:aws:iam::201138032438:policy/iam_for_webhook_policy"
            ],
            "max_session_duration": 3600,
            "name": "LambdaWebhookRole",
            "name_prefix": "",
            "path": "/",
            "permissions_boundary": "",
            "tags": {},
            "tags_all": {},
            "unique_id": "AROAS5VGCZ43GYR52ZZCY"
          },
          "sensitive_attributes": [],
          "private": "bnVsbA=="
        }
      ]
    },
    {
      "module": "module.lambda_api",
      "mode": "managed",
      "type": "aws_lambda_function",
      "name": "lambda_api",
      "provider": "provider[\"registry.terraform.io/hashicorp/aws\"]",
      "instances": [
        {
          "schema_version": 0,
          "attributes": {
            "architectures": [
              "x86_64"
            ],
            "arn": "arn:aws:lambda:us-east-1:201138032438:function:api",
            "code_signing_config_arn": "",
            "dead_letter_config": [],
            "description": "",
            "environment": [],
            "ephemeral_storage": [
              {
                "size": 512
              }
            ],
            "file_system_config": [],
            "filename": "./resources/api/api.zip",
            "function_name": "api",
            "handler": "api.handler",
            "id": "api",
            "image_config": [],
            "image_uri": "",
            "invoke_arn": "arn:aws:apigateway:us-east-1:lambda:path/2015-03-31/functions/arn:aws:lambda:us-east-1:201138032438:function:api/invocations",
            "kms_key_arn": "",
            "last_modified": "2023-11-03T04:53:26.081+0000",
            "layers": [],
            "memory_size": 128,
            "package_type": "Zip",
            "publish": false,
            "qualified_arn": "arn:aws:lambda:us-east-1:201138032438:function:api:$LATEST",
            "qualified_invoke_arn": "arn:aws:apigateway:us-east-1:lambda:path/2015-03-31/functions/arn:aws:lambda:us-east-1:201138032438:function:api:$LATEST/invocations",
            "replace_security_groups_on_destroy": null,
            "replacement_security_group_ids": null,
            "reserved_concurrent_executions": -1,
            "role": "arn:aws:iam::201138032438:role/LambdaAPIRole",
            "runtime": "nodejs14.x",
            "s3_bucket": null,
            "s3_key": null,
            "s3_object_version": null,
            "signing_job_arn": "",
            "signing_profile_version_arn": "",
            "skip_destroy": false,
            "snap_start": [],
            "source_code_hash": "BTgPgJhaVXXK5bgp8KNFi1Endes7zaXeEKIu06/cOp8=",
            "source_code_size": 12323504,
            "tags": {},
            "tags_all": {},
            "timeout": 120,
            "timeouts": null,
            "tracing_config": [
              {
                "mode": "PassThrough"
              }
            ],
            "version": "$LATEST",
            "vpc_config": []
          },
          "sensitive_attributes": [],
          "private": "eyJlMmJmYjczMC1lY2FhLTExZTYtOGY4OC0zNDM2M2JjN2M0YzAiOnsiY3JlYXRlIjo2MDAwMDAwMDAwMDAsImRlbGV0ZSI6NjAwMDAwMDAwMDAwLCJ1cGRhdGUiOjYwMDAwMDAwMDAwMH19",
          "dependencies": [
            "module.lambda_api.aws_iam_role.iam_for_api"
          ]
        }
      ]
    },
    {
      "module": "module.lambda_api",
      "mode": "managed",
      "type": "aws_lambda_function",
      "name": "lambda_webhook",
      "provider": "provider[\"registry.terraform.io/hashicorp/aws\"]",
      "instances": [
        {
          "schema_version": 0,
          "attributes": {
            "architectures": [
              "x86_64"
            ],
            "arn": "arn:aws:lambda:us-east-1:201138032438:function:webhook",
            "code_signing_config_arn": "",
            "dead_letter_config": [],
            "description": "",
            "environment": [],
            "ephemeral_storage": [
              {
                "size": 512
              }
            ],
            "file_system_config": [],
            "filename": "./resources/webhook/webhook.zip",
            "function_name": "webhook",
            "handler": "webhook.handler",
            "id": "webhook",
            "image_config": [],
            "image_uri": "",
            "invoke_arn": "arn:aws:apigateway:us-east-1:lambda:path/2015-03-31/functions/arn:aws:lambda:us-east-1:201138032438:function:webhook/invocations",
            "kms_key_arn": "",
            "last_modified": "2023-11-03T04:49:54.850+0000",
            "layers": [],
            "memory_size": 128,
            "package_type": "Zip",
            "publish": false,
            "qualified_arn": "arn:aws:lambda:us-east-1:201138032438:function:webhook:$LATEST",
            "qualified_invoke_arn": "arn:aws:apigateway:us-east-1:lambda:path/2015-03-31/functions/arn:aws:lambda:us-east-1:201138032438:function:webhook:$LATEST/invocations",
            "replace_security_groups_on_destroy": null,
            "replacement_security_group_ids": null,
            "reserved_concurrent_executions": -1,
            "role": "arn:aws:iam::201138032438:role/LambdaWebhookRole",
            "runtime": "nodejs14.x",
            "s3_bucket": null,
            "s3_key": null,
            "s3_object_version": null,
            "signing_job_arn": "",
            "signing_profile_version_arn": "",
            "skip_destroy": false,
            "snap_start": [],
            "source_code_hash": "SonLUas9XsIzbKLSIFeEFKtKqYUSI9ORP5Zy/R1+rd0=",
            "source_code_size": 12323613,
            "tags": {},
            "tags_all": {},
            "timeout": 120,
            "timeouts": null,
            "tracing_config": [
              {
                "mode": "PassThrough"
              }
            ],
            "version": "$LATEST",
            "vpc_config": []
          },
          "sensitive_attributes": [],
          "private": "eyJlMmJmYjczMC1lY2FhLTExZTYtOGY4OC0zNDM2M2JjN2M0YzAiOnsiY3JlYXRlIjo2MDAwMDAwMDAwMDAsImRlbGV0ZSI6NjAwMDAwMDAwMDAwLCJ1cGRhdGUiOjYwMDAwMDAwMDAwMH19",
          "dependencies": [
            "module.lambda_api.aws_iam_role.iam_for_webhook"
          ]
        }
      ]
    },
    {
      "module": "module.lambda_api",
      "mode": "managed",
      "type": "aws_lambda_permission",
      "name": "api_gateway_invoke_api",
      "provider": "provider[\"registry.terraform.io/hashicorp/aws\"]",
      "instances": [
        {
          "schema_version": 0,
          "attributes": {
            "action": "lambda:InvokeFunction",
            "event_source_token": null,
            "function_name": "api",
            "function_url_auth_type": null,
            "id": "AllowAPIGatewayInvoke",
            "principal": "apigateway.amazonaws.com",
            "principal_org_id": null,
            "qualifier": "",
            "source_account": null,
            "source_arn": "arn:aws:execute-api:us-east-1:201138032438:14b4puv37k/*/GET/api-search",
            "statement_id": "AllowAPIGatewayInvoke",
            "statement_id_prefix": ""
          },
          "sensitive_attributes": [],
          "private": "bnVsbA==",
          "dependencies": [
            "module.lambda_api.aws_api_gateway_rest_api.api",
            "module.lambda_api.aws_iam_role.iam_for_api",
            "module.lambda_api.aws_lambda_function.lambda_api"
          ]
        }
      ]
    },
    {
      "module": "module.lambda_api",
      "mode": "managed",
      "type": "aws_lambda_permission",
      "name": "api_gateway_invoke_webhook",
      "provider": "provider[\"registry.terraform.io/hashicorp/aws\"]",
      "instances": [
        {
          "schema_version": 0,
          "attributes": {
            "action": "lambda:InvokeFunction",
            "event_source_token": null,
            "function_name": "webhook",
            "function_url_auth_type": null,
            "id": "AllowAPIGatewayInvoke",
            "principal": "apigateway.amazonaws.com",
            "principal_org_id": null,
            "qualifier": "",
            "source_account": null,
            "source_arn": "arn:aws:execute-api:us-east-1:201138032438:14b4puv37k/*/POST/sms-webhook",
            "statement_id": "AllowAPIGatewayInvoke",
            "statement_id_prefix": ""
          },
          "sensitive_attributes": [],
          "private": "bnVsbA==",
          "dependencies": [
            "module.lambda_api.aws_api_gateway_rest_api.api",
            "module.lambda_api.aws_iam_role.iam_for_webhook",
            "module.lambda_api.aws_lambda_function.lambda_webhook"
          ]
        }
      ]
    }
  ],
  "check_results": null
}
